
Microsoft Visual Studio Solution File, Format Version 12.00
# Visual Studio Version 17
VisualStudioVersion = 17.9.34607.119
MinimumVisualStudioVersion = 10.0.40219.1
Project("{FAE04EC0-301F-11D3-BF4B-00C04F79EFBC}") = "addressListApp", "addressListApp\addressListApp.csproj", "{CCAFC787-0EF6-489D-B093-F71B3B7B3B97}"
EndProject
Project("{2150E333-8FDC-42A3-9474-1A3956D46DE8}") = "솔루션 항목", "솔루션 항목", "{C8439CE8-FC80-45B0-AAE6-47B8C47DC560}"
EndProject
Project("{FAE04EC0-301F-11D3-BF4B-00C04F79EFBC}") = "addressListAppTests", "addressListAppTests\addressListAppTests.csproj", "{5C0BBD7C-CC9D-4730-86D1-268890C095CF}"
EndProject
Global
	GlobalSection(SolutionConfigurationPlatforms) = preSolution
		Debug|Any CPU = Debug|Any CPU
		Release|Any CPU = Release|Any CPU
	EndGlobalSection
	GlobalSection(ProjectConfigurationPlatforms) = postSolution
		{CCAFC787-0EF6-489D-B093-F71B3B7B3B97}.Debug|Any CPU.ActiveCfg = Debug|Any CPU
		{CCAFC787-0EF6-489D-B093-F71B3B7B3B97}.Debug|Any CPU.Build.0 = Debug|Any CPU
		{CCAFC787-0EF6-489D-B093-F71B3B7B3B97}.Release|Any CPU.ActiveCfg = Release|Any CPU
		{CCAFC787-0EF6-489D-B093-F71B3B7B3B97}.Release|Any CPU.Build.0 = Release|Any CPU
		{5C0BBD7C-CC9D-4730-86D1-268890C095CF}.Debug|Any CPU.ActiveCfg = Debug|Any CPU
		{5C0BBD7C-CC9D-4730-86D1-268890C095CF}.Debug|Any CPU.Build.0 = Debug|Any CPU
		{5C0BBD7C-CC9D-4730-86D1-268890C095CF}.Release|Any CPU.ActiveCfg = Release|Any CPU
		{5C0BBD7C-CC9D-4730-86D1-268890C095CF}.Release|Any CPU.Build.0 = Release|Any CPU
	EndGlobalSection
	GlobalSection(SolutionProperties) = preSolution
		HideSolutionNode = FALSE
	EndGlobalSection
	GlobalSection(ExtensibilityGlobals) = postSolution
		SolutionGuid = {6C655563-88C1-423D-A463-BD0414028E4D}
	EndGlobalSection
EndGlobal
